
Microsoft Visual Studio Solution File, Format Version 12.00
# Visual Studio 14
VisualStudioVersion = 14.0.24720.0
MinimumVisualStudioVersion = 10.0.40219.1
Project("{F14B399A-7131-4C87-9E4B-1186C45EF12D}") = "Report Project4", "Report Project4\Report Project4.rptproj", "{249058E0-78A4-42C0-BFB5-A7BFE6AA594A}"
EndProject
Global
	GlobalSection(SolutionConfigurationPlatforms) = preSolution
		Debug|Default = Debug|Default
		DebugLocal|Default = DebugLocal|Default
		Release|Default = Release|Default
	EndGlobalSection
	GlobalSection(ProjectConfigurationPlatforms) = postSolution
		{249058E0-78A4-42C0-BFB5-A7BFE6AA594A}.Debug|Default.ActiveCfg = Debug
		{249058E0-78A4-42C0-BFB5-A7BFE6AA594A}.Debug|Default.Build.0 = Debug
		{249058E0-78A4-42C0-BFB5-A7BFE6AA594A}.Debug|Default.Deploy.0 = Debug
		{249058E0-78A4-42C0-BFB5-A7BFE6AA594A}.DebugLocal|Default.ActiveCfg = DebugLocal
		{249058E0-78A4-42C0-BFB5-A7BFE6AA594A}.DebugLocal|Default.Build.0 = DebugLocal
		{249058E0-78A4-42C0-BFB5-A7BFE6AA594A}.Release|Default.ActiveCfg = Release
		{249058E0-78A4-42C0-BFB5-A7BFE6AA594A}.Release|Default.Build.0 = Release
		{249058E0-78A4-42C0-BFB5-A7BFE6AA594A}.Release|Default.Deploy.0 = Release
	EndGlobalSection
	GlobalSection(SolutionProperties) = preSolution
		HideSolutionNode = FALSE
	EndGlobalSection
EndGlobal
