
Microsoft Visual Studio Solution File, Format Version 12.00
# Visual Studio 14
VisualStudioVersion = 14.0.24720.0
MinimumVisualStudioVersion = 10.0.40219.1
Project("{F14B399A-7131-4C87-9E4B-1186C45EF12D}") = "Report 3 Department Courses and Timetable", "Report 3 Department Courses and Timetable.rptproj", "{F7E67F22-AAA5-4774-9C14-4CE527228935}"
EndProject
Global
	GlobalSection(SolutionConfigurationPlatforms) = preSolution
		Debug|Default = Debug|Default
		DebugLocal|Default = DebugLocal|Default
		Release|Default = Release|Default
	EndGlobalSection
	GlobalSection(ProjectConfigurationPlatforms) = postSolution
		{F7E67F22-AAA5-4774-9C14-4CE527228935}.Debug|Default.ActiveCfg = Debug
		{F7E67F22-AAA5-4774-9C14-4CE527228935}.Debug|Default.Build.0 = Debug
		{F7E67F22-AAA5-4774-9C14-4CE527228935}.Debug|Default.Deploy.0 = Debug
		{F7E67F22-AAA5-4774-9C14-4CE527228935}.DebugLocal|Default.ActiveCfg = DebugLocal
		{F7E67F22-AAA5-4774-9C14-4CE527228935}.DebugLocal|Default.Build.0 = DebugLocal
		{F7E67F22-AAA5-4774-9C14-4CE527228935}.Release|Default.ActiveCfg = Release
		{F7E67F22-AAA5-4774-9C14-4CE527228935}.Release|Default.Build.0 = Release
		{F7E67F22-AAA5-4774-9C14-4CE527228935}.Release|Default.Deploy.0 = Release
	EndGlobalSection
	GlobalSection(SolutionProperties) = preSolution
		HideSolutionNode = FALSE
	EndGlobalSection
EndGlobal
