
Microsoft Visual Studio Solution File, Format Version 12.00
# Visual Studio 14
VisualStudioVersion = 14.0.24720.0
MinimumVisualStudioVersion = 10.0.40219.1
Project("{F14B399A-7131-4C87-9E4B-1186C45EF12D}") = "Report Project2", "Report Project2\Report Project2.rptproj", "{6CF3329D-4D01-4B3C-BFF8-875D5DDCE1BA}"
EndProject
Global
	GlobalSection(SolutionConfigurationPlatforms) = preSolution
		Debug|Default = Debug|Default
		DebugLocal|Default = DebugLocal|Default
		Release|Default = Release|Default
	EndGlobalSection
	GlobalSection(ProjectConfigurationPlatforms) = postSolution
		{6CF3329D-4D01-4B3C-BFF8-875D5DDCE1BA}.Debug|Default.ActiveCfg = Debug
		{6CF3329D-4D01-4B3C-BFF8-875D5DDCE1BA}.Debug|Default.Build.0 = Debug
		{6CF3329D-4D01-4B3C-BFF8-875D5DDCE1BA}.Debug|Default.Deploy.0 = Debug
		{6CF3329D-4D01-4B3C-BFF8-875D5DDCE1BA}.DebugLocal|Default.ActiveCfg = DebugLocal
		{6CF3329D-4D01-4B3C-BFF8-875D5DDCE1BA}.DebugLocal|Default.Build.0 = DebugLocal
		{6CF3329D-4D01-4B3C-BFF8-875D5DDCE1BA}.Release|Default.ActiveCfg = Release
		{6CF3329D-4D01-4B3C-BFF8-875D5DDCE1BA}.Release|Default.Build.0 = Release
		{6CF3329D-4D01-4B3C-BFF8-875D5DDCE1BA}.Release|Default.Deploy.0 = Release
	EndGlobalSection
	GlobalSection(SolutionProperties) = preSolution
		HideSolutionNode = FALSE
	EndGlobalSection
EndGlobal
