
Microsoft Visual Studio Solution File, Format Version 12.00
# Visual Studio 14
VisualStudioVersion = 14.0.24720.0
MinimumVisualStudioVersion = 10.0.40219.1
Project("{F14B399A-7131-4C87-9E4B-1186C45EF12D}") = "Report_2_Coursetimetable", "Report_2_Coursetimetable.rptproj", "{E15DE2AC-0263-48E3-8886-CFAA71BCA8F7}"
EndProject
Global
	GlobalSection(SolutionConfigurationPlatforms) = preSolution
		Debug|Default = Debug|Default
		DebugLocal|Default = DebugLocal|Default
		Release|Default = Release|Default
	EndGlobalSection
	GlobalSection(ProjectConfigurationPlatforms) = postSolution
		{E15DE2AC-0263-48E3-8886-CFAA71BCA8F7}.Debug|Default.ActiveCfg = Debug
		{E15DE2AC-0263-48E3-8886-CFAA71BCA8F7}.Debug|Default.Build.0 = Debug
		{E15DE2AC-0263-48E3-8886-CFAA71BCA8F7}.Debug|Default.Deploy.0 = Debug
		{E15DE2AC-0263-48E3-8886-CFAA71BCA8F7}.DebugLocal|Default.ActiveCfg = DebugLocal
		{E15DE2AC-0263-48E3-8886-CFAA71BCA8F7}.DebugLocal|Default.Build.0 = DebugLocal
		{E15DE2AC-0263-48E3-8886-CFAA71BCA8F7}.Release|Default.ActiveCfg = Release
		{E15DE2AC-0263-48E3-8886-CFAA71BCA8F7}.Release|Default.Build.0 = Release
		{E15DE2AC-0263-48E3-8886-CFAA71BCA8F7}.Release|Default.Deploy.0 = Release
	EndGlobalSection
	GlobalSection(SolutionProperties) = preSolution
		HideSolutionNode = FALSE
	EndGlobalSection
EndGlobal
