
Microsoft Visual Studio Solution File, Format Version 12.00
# Visual Studio 14
VisualStudioVersion = 14.0.24720.0
MinimumVisualStudioVersion = 10.0.40219.1
Project("{F14B399A-7131-4C87-9E4B-1186C45EF12D}") = "Report Project1", "Report Project1\Report Project1.rptproj", "{9EA977CB-97DA-44EA-8C47-E8360DDDA941}"
EndProject
Global
	GlobalSection(SolutionConfigurationPlatforms) = preSolution
		Debug|Default = Debug|Default
		DebugLocal|Default = DebugLocal|Default
		Release|Default = Release|Default
	EndGlobalSection
	GlobalSection(ProjectConfigurationPlatforms) = postSolution
		{9EA977CB-97DA-44EA-8C47-E8360DDDA941}.Debug|Default.ActiveCfg = Debug
		{9EA977CB-97DA-44EA-8C47-E8360DDDA941}.Debug|Default.Build.0 = Debug
		{9EA977CB-97DA-44EA-8C47-E8360DDDA941}.Debug|Default.Deploy.0 = Debug
		{9EA977CB-97DA-44EA-8C47-E8360DDDA941}.DebugLocal|Default.ActiveCfg = DebugLocal
		{9EA977CB-97DA-44EA-8C47-E8360DDDA941}.DebugLocal|Default.Build.0 = DebugLocal
		{9EA977CB-97DA-44EA-8C47-E8360DDDA941}.Release|Default.ActiveCfg = Release
		{9EA977CB-97DA-44EA-8C47-E8360DDDA941}.Release|Default.Build.0 = Release
		{9EA977CB-97DA-44EA-8C47-E8360DDDA941}.Release|Default.Deploy.0 = Release
	EndGlobalSection
	GlobalSection(SolutionProperties) = preSolution
		HideSolutionNode = FALSE
	EndGlobalSection
EndGlobal
